
Microsoft Visual Studio Solution File, Format Version 12.00
# Visual Studio 2012
Project("{FAE04EC0-301F-11D3-BF4B-00C04F79EFBC}") = "VideoAnalytics4StoreLines", "VideoAnalytics4StoreLines\VideoAnalytics4StoreLines.csproj", "{AD004C36-BA9B-4F5F-8ED7-3A0AFB7E2086}"
EndProject
Project("{FAE04EC0-301F-11D3-BF4B-00C04F79EFBC}") = "HeatMap.NET", "HeatMap.NET\HeatMap.NET.csproj", "{5E41DFFB-FAEA-49BB-8587-943330C70692}"
EndProject
Global
	GlobalSection(SolutionConfigurationPlatforms) = preSolution
		Debug|Any CPU = Debug|Any CPU
		Release|Any CPU = Release|Any CPU
	EndGlobalSection
	GlobalSection(ProjectConfigurationPlatforms) = postSolution
		{AD004C36-BA9B-4F5F-8ED7-3A0AFB7E2086}.Debug|Any CPU.ActiveCfg = Debug|Any CPU
		{AD004C36-BA9B-4F5F-8ED7-3A0AFB7E2086}.Debug|Any CPU.Build.0 = Debug|Any CPU
		{AD004C36-BA9B-4F5F-8ED7-3A0AFB7E2086}.Release|Any CPU.ActiveCfg = Release|Any CPU
		{AD004C36-BA9B-4F5F-8ED7-3A0AFB7E2086}.Release|Any CPU.Build.0 = Release|Any CPU
		{5E41DFFB-FAEA-49BB-8587-943330C70692}.Debug|Any CPU.ActiveCfg = Debug|Any CPU
		{5E41DFFB-FAEA-49BB-8587-943330C70692}.Debug|Any CPU.Build.0 = Debug|Any CPU
		{5E41DFFB-FAEA-49BB-8587-943330C70692}.Release|Any CPU.ActiveCfg = Release|Any CPU
		{5E41DFFB-FAEA-49BB-8587-943330C70692}.Release|Any CPU.Build.0 = Release|Any CPU
	EndGlobalSection
	GlobalSection(SolutionProperties) = preSolution
		HideSolutionNode = FALSE
	EndGlobalSection
EndGlobal
